Microsoft Visual Studio Solution File, Format Version 12.00
# Visual Studio 15
VisualStudioVersion = 15.0.28307.168
MinimumVisualStudioVersion = 10.0.40219.1
Project("{9A19103F-16F7-4668-BE54-9A1E7A4F7556}") = "Autodesk.Forge.DesignAutomation", "src\Autodesk.Forge.DesignAutomation\Autodesk.Forge.DesignAutomation.csproj", "{F07D8A53-070B-45AD-ABD1-520444606FB0}"
EndProject
Project("{9A19103F-16F7-4668-BE54-9A1E7A4F7556}") = "E2eTests", "tests\e2e\E2eTests.csproj", "{E9572467-ACD3-4DB4-88E2-06650E7746C1}"
EndProject
Project("{2150E333-8FDC-42A3-9474-1A3956D46DE8}") = "Solution Items", "Solution Items", "{B387103F-C4AD-4460-87F9-839680F58EB6}"
	ProjectSection(SolutionItems) = preProject
		.gitignore = .gitignore
		.swagger-codegen-ignore = .swagger-codegen-ignore
		README.md = README.md
	EndProjectSection
EndProject
Global
	GlobalSection(SolutionConfigurationPlatforms) = preSolution
		Debug|Any CPU = Debug|Any CPU
		Release|Any CPU = Release|Any CPU
	EndGlobalSection
	GlobalSection(ProjectConfigurationPlatforms) = postSolution
		{F07D8A53-070B-45AD-ABD1-520444606FB0}.Debug|Any CPU.ActiveCfg = Debug|Any CPU
		{F07D8A53-070B-45AD-ABD1-520444606FB0}.Debug|Any CPU.Build.0 = Debug|Any CPU
		{F07D8A53-070B-45AD-ABD1-520444606FB0}.Release|Any CPU.ActiveCfg = Release|Any CPU
		{F07D8A53-070B-45AD-ABD1-520444606FB0}.Release|Any CPU.Build.0 = Release|Any CPU
		{E9572467-ACD3-4DB4-88E2-06650E7746C1}.Debug|Any CPU.ActiveCfg = Debug|Any CPU
		{E9572467-ACD3-4DB4-88E2-06650E7746C1}.Debug|Any CPU.Build.0 = Debug|Any CPU
		{E9572467-ACD3-4DB4-88E2-06650E7746C1}.Release|Any CPU.ActiveCfg = Release|Any CPU
		{E9572467-ACD3-4DB4-88E2-06650E7746C1}.Release|Any CPU.Build.0 = Release|Any CPU
	EndGlobalSection
	GlobalSection(SolutionProperties) = preSolution
		HideSolutionNode = FALSE
	EndGlobalSection
	GlobalSection(ExtensibilityGlobals) = postSolution
		SolutionGuid = {FE29FB77-4D3D-4499-BB44-722A10632E77}
	EndGlobalSection
EndGlobal
