Microsoft Visual Studio Solution File, Format Version 12.00
# Visual Studio 15
VisualStudioVersion = 15.0.28307.168
MinimumVisualStudioVersion = 10.0.40219.1
Project("{9A19103F-16F7-4668-BE54-9A1E7A4F7556}") = "Autodesk.Forge.DesignAutomation", "src\Autodesk.Forge.DesignAutomation\Autodesk.Forge.DesignAutomation.csproj", "{5901494E-3F0F-4C04-BE36-0C97D99A3CC2}"
EndProject
Global
	GlobalSection(SolutionConfigurationPlatforms) = preSolution
		Debug|Any CPU = Debug|Any CPU
		Release|Any CPU = Release|Any CPU
	EndGlobalSection
	GlobalSection(ProjectConfigurationPlatforms) = postSolution
		{5901494E-3F0F-4C04-BE36-0C97D99A3CC2}.Debug|Any CPU.ActiveCfg = Debug|Any CPU
		{5901494E-3F0F-4C04-BE36-0C97D99A3CC2}.Debug|Any CPU.Build.0 = Debug|Any CPU
		{5901494E-3F0F-4C04-BE36-0C97D99A3CC2}.Release|Any CPU.ActiveCfg = Release|Any CPU
		{5901494E-3F0F-4C04-BE36-0C97D99A3CC2}.Release|Any CPU.Build.0 = Release|Any CPU
	EndGlobalSection
	GlobalSection(SolutionProperties) = preSolution
		HideSolutionNode = FALSE
	EndGlobalSection
	GlobalSection(ExtensibilityGlobals) = postSolution
		SolutionGuid = {F24EF40C-4BD3-4AB2-A125-1D6EC49F5A5B}
	EndGlobalSection
EndGlobal
